// !$*UTF8*$!
{
	archiveVersion = 1;
	classes = {
	};
	objectVersion = 46;
	objects = {

/* Begin PBXFileReference section */
		0A31671F1BF1B9AC000642BF /* 概要.txt */ = {isa = PBXFileReference; lastKnownFileType = text; path = "概要.txt"; sourceTree = "<group>"; };
		0A3167331BF1D2EF000642BF /* map1.dat */ = {isa = PBXFileReference; lastKnownFileType = text; path = map1.dat; sourceTree = "<group>"; };
		0A3167341BF1D2EF000642BF /* map2.dat */ = {isa = PBXFileReference; lastKnownFileType = text; path = map2.dat; sourceTree = "<group>"; };
		0A3167351BF1D2EF000642BF /* map3.dat */ = {isa = PBXFileReference; lastKnownFileType = text; path = map3.dat; sourceTree = "<group>"; };
		0A3167361BF1D2EF000642BF /* map4.dat */ = {isa = PBXFileReference; lastKnownFileType = text; path = map4.dat; sourceTree = "<group>"; };
		0A3167371BF1D2EF000642BF /* map5.dat */ = {isa = PBXFileReference; lastKnownFileType = text; path = map5.dat; sourceTree = "<group>"; };
		0A3167381BF1D2EF000642BF /* map6.dat */ = {isa = PBXFileReference; lastKnownFileType = text; path = map6.dat; sourceTree = "<group>"; };
		0A3167391BF1D2EF000642BF /* map7.dat */ = {isa = PBXFileReference; lastKnownFileType = text; path = map7.dat; sourceTree = "<group>"; };
		0A31673A1BF1D2EF000642BF /* map8.dat */ = {isa = PBXFileReference; lastKnownFileType = text; path = map8.dat; sourceTree = "<group>"; };
		0A3299311BD6091D00C9527A /* test2.c */ = {isa = PBXFileReference; lastKnownFileType = sourcecode.c.c; path = test2.c; sourceTree = "<group>"; };
/* End PBXFileReference section */

/* Begin PBXGroup section */
		0A32992A1BD608EE00C9527A = {
			isa = PBXGroup;
			children = (
				0A3299311BD6091D00C9527A /* test2.c */,
				0A31671F1BF1B9AC000642BF /* 概要.txt */,
				0A3167331BF1D2EF000642BF /* map1.dat */,
				0A3167341BF1D2EF000642BF /* map2.dat */,
				0A3167351BF1D2EF000642BF /* map3.dat */,
				0A3167361BF1D2EF000642BF /* map4.dat */,
				0A3167371BF1D2EF000642BF /* map5.dat */,
				0A3167381BF1D2EF000642BF /* map6.dat */,
				0A3167391BF1D2EF000642BF /* map7.dat */,
				0A31673A1BF1D2EF000642BF /* map8.dat */,
			);
			sourceTree = "<group>";
		};
/* End PBXGroup section */

/* Begin PBXProject section */
		0A32992B1BD608EE00C9527A /* Project object */ = {
			isa = PBXProject;
			attributes = {
				LastUpgradeCheck = 0700;
			};
			buildConfigurationList = 0A32992E1BD608EE00C9527A /* Build configuration list for PBXProject "tgif" */;
			compatibilityVersion = "Xcode 3.2";
			developmentRegion = English;
			hasScannedForEncodings = 0;
			knownRegions = (
				en,
			);
			mainGroup = 0A32992A1BD608EE00C9527A;
			projectDirPath = "";
			projectRoot = "";
			targets = (
			);
		};
/* End PBXProject section */

/* Begin XCBuildConfiguration section */
		0A32992F1BD608EE00C9527A /* Debug */ = {
			isa = XCBuildConfiguration;
			buildSettings = {
			};
			name = Debug;
		};
		0A3299301BD608EE00C9527A /* Release */ = {
			isa = XCBuildConfiguration;
			buildSettings = {
			};
			name = Release;
		};
/* End XCBuildConfiguration section */

/* Begin XCConfigurationList section */
		0A32992E1BD608EE00C9527A /* Build configuration list for PBXProject "tgif" */ = {
			isa = XCConfigurationList;
			buildConfigurations = (
				0A32992F1BD608EE00C9527A /* Debug */,
				0A3299301BD608EE00C9527A /* Release */,
			);
			defaultConfigurationIsVisible = 0;
			defaultConfigurationName = Release;
		};
/* End XCConfigurationList section */
	};
	rootObject = 0A32992B1BD608EE00C9527A /* Project object */;
}
